{
  "name": "flickr-cli",
  "version": "1.0.0",
  "lockfileVersion": 1,
  "requires": true,
  "dependencies": {
    "ansi-escape-sequences": {
      "version": "https://registry.npmjs.org/ansi-escape-sequences/-/ansi-escape-sequences-4.0.0.tgz",
      "integrity": "sha1-4OywQpWLceQpQtNcH88dmwCg9n4=",
      "requires": {
        "array-back": "https://registry.npmjs.org/array-back/-/array-back-2.0.0.tgz"
      }
    },
    "array-back": {
      "version": "https://registry.npmjs.org/array-back/-/array-back-2.0.0.tgz",
      "integrity": "sha1-aHdHHVHsycm/phNvtsfV/ml0gCI=",
      "requires": {
        "typical": "https://registry.npmjs.org/typical/-/typical-2.6.1.tgz"
      }
    },
    "asynckit": {
      "version": "https://registry.npmjs.org/asynckit/-/asynckit-0.4.0.tgz",
      "integrity": "sha1-x57Zf380y48robyXkLzDZkdLS3k="
    },
    "balanced-match": {
      "version": "1.0.0",
      "resolved": "https://registry.npmjs.org/balanced-match/-/balanced-match-1.0.0.tgz",
      "integrity": "sha1-ibTRmasr7kneFk6gK4nORi1xt2c="
    },
    "brace-expansion": {
      "version": "1.1.8",
      "resolved": "https://registry.npmjs.org/brace-expansion/-/brace-expansion-1.1.8.tgz",
      "integrity": "sha1-wHshHHyVLsH479Uad+8NHTmQopI=",
      "requires": {
        "balanced-match": "1.0.0",
        "concat-map": "0.0.1"
      }
    },
    "browser-stdout": {
      "version": "1.3.0",
      "resolved": "https://registry.npmjs.org/browser-stdout/-/browser-stdout-1.3.0.tgz",
      "integrity": "sha1-81HTKWnTL6XXpVZxVCY9korjvR8="
    },
    "combined-stream": {
      "version": "https://registry.npmjs.org/combined-stream/-/combined-stream-1.0.5.tgz",
      "integrity": "sha1-k4NwpXtKUd6ix3wV1cX9+JUWQAk=",
      "requires": {
        "delayed-stream": "https://registry.npmjs.org/delayed-stream/-/delayed-stream-1.0.0.tgz"
      }
    },
    "command-line-args": {
      "version": "https://registry.npmjs.org/command-line-args/-/command-line-args-4.0.7.tgz",
      "integrity": "sha1-+NGRbsuQ6eEh7aZCjkEwC/tkzEY=",
      "requires": {
        "array-back": "https://registry.npmjs.org/array-back/-/array-back-2.0.0.tgz",
        "find-replace": "https://registry.npmjs.org/find-replace/-/find-replace-1.0.3.tgz",
        "typical": "https://registry.npmjs.org/typical/-/typical-2.6.1.tgz"
      }
    },
    "command-line-usage": {
      "version": "https://registry.npmjs.org/command-line-usage/-/command-line-usage-4.0.1.tgz",
      "integrity": "sha1-2JzxbIrnHo6KbmqrrhZSr3b/ZE4=",
      "requires": {
        "ansi-escape-sequences": "https://registry.npmjs.org/ansi-escape-sequences/-/ansi-escape-sequences-4.0.0.tgz",
        "array-back": "https://registry.npmjs.org/array-back/-/array-back-2.0.0.tgz",
        "table-layout": "https://registry.npmjs.org/table-layout/-/table-layout-0.4.2.tgz",
        "typical": "https://registry.npmjs.org/typical/-/typical-2.6.1.tgz"
      }
    },
    "commander": {
      "version": "2.11.0",
      "resolved": "https://registry.npmjs.org/commander/-/commander-2.11.0.tgz",
      "integrity": "sha1-FXFS/R56bI2YpbcVzzdt+SgARWM="
    },
    "component-emitter": {
      "version": "https://registry.npmjs.org/component-emitter/-/component-emitter-1.2.1.tgz",
      "integrity": "sha1-E3kY1teCg/ffemt8WmPhQOaUJeY="
    },
    "concat-map": {
      "version": "0.0.1",
      "resolved": "https://registry.npmjs.org/concat-map/-/concat-map-0.0.1.tgz",
      "integrity": "sha1-2Klr13/Wjfd5OnMDajug1UBdR3s="
    },
    "cookiejar": {
      "version": "https://registry.npmjs.org/cookiejar/-/cookiejar-2.1.1.tgz",
      "integrity": "sha1-Qa1XsbVVlR7BcUEqgZQrHoIA00o="
    },
    "core-util-is": {
      "version": "https://registry.npmjs.org/core-util-is/-/core-util-is-1.0.2.tgz",
      "integrity": "sha1-tf1UIgqivFq1eqtxQMlAdUUDwac="
    },
    "debug": {
      "version": "https://registry.npmjs.org/debug/-/debug-3.1.0.tgz",
      "integrity": "sha1-W7WgZyYotkFJVmuhaBnmFRjGcmE=",
      "requires": {
        "ms": "https://registry.npmjs.org/ms/-/ms-2.0.0.tgz"
      }
    },
    "deep-extend": {
      "version": "https://registry.npmjs.org/deep-extend/-/deep-extend-0.5.0.tgz",
      "integrity": "sha1-bvSgmwX5iw41jW2T1Mo8rsZnKAM="
    },
    "delayed-stream": {
      "version": "https://registry.npmjs.org/delayed-stream/-/delayed-stream-1.0.0.tgz",
      "integrity": "sha1-3zrhmayt+31ECqrgsp4icrJOxhk="
    },
    "diff": {
      "version": "3.3.1",
      "resolved": "https://registry.npmjs.org/diff/-/diff-3.3.1.tgz",
      "integrity": "sha1-qoVnpu7QPFMfyJ0/cRzQ5SWd7HU="
    },
    "escape-string-regexp": {
      "version": "1.0.5",
      "resolved": "https://registry.npmjs.org/escape-string-regexp/-/escape-string-regexp-1.0.5.tgz",
      "integrity": "sha1-G2HAViGQqN/2rjuyzwIAyhMLhtQ="
    },
    "extend": {
      "version": "https://registry.npmjs.org/extend/-/extend-3.0.1.tgz",
      "integrity": "sha1-p1Xqe8Gt/MWjHOfnYtuq3F5jZEQ="
    },
    "find-replace": {
      "version": "https://registry.npmjs.org/find-replace/-/find-replace-1.0.3.tgz",
      "integrity": "sha1-uI5zZNLZyVlVnziMZmcNYTBEH6A=",
      "requires": {
        "array-back": "https://registry.npmjs.org/array-back/-/array-back-1.0.4.tgz",
        "test-value": "https://registry.npmjs.org/test-value/-/test-value-2.1.0.tgz"
      },
      "dependencies": {
        "array-back": {
          "version": "https://registry.npmjs.org/array-back/-/array-back-1.0.4.tgz",
          "integrity": "sha1-ZEun8JX3/898Q7Xw3DnTwfA8Bjs=",
          "requires": {
            "typical": "https://registry.npmjs.org/typical/-/typical-2.6.1.tgz"
          }
        }
      }
    },
    "flickr-sdk": {
      "version": "https://registry.npmjs.org/flickr-sdk/-/flickr-sdk-3.5.0.tgz",
      "integrity": "sha1-r8mYW+S15si8/Qfc28rNgoco9fM=",
      "requires": {
        "superagent": "https://registry.npmjs.org/superagent/-/superagent-3.8.1.tgz",
        "xml2js": "https://registry.npmjs.org/xml2js/-/xml2js-0.4.19.tgz"
      }
    },
    "form-data": {
      "version": "https://registry.npmjs.org/form-data/-/form-data-2.3.1.tgz",
      "integrity": "sha1-b7lPvXGIUwbXPRXMSX/kzE7NRL8=",
      "requires": {
        "asynckit": "https://registry.npmjs.org/asynckit/-/asynckit-0.4.0.tgz",
        "combined-stream": "https://registry.npmjs.org/combined-stream/-/combined-stream-1.0.5.tgz",
        "mime-types": "https://registry.npmjs.org/mime-types/-/mime-types-2.1.17.tgz"
      }
    },
    "formidable": {
      "version": "https://registry.npmjs.org/formidable/-/formidable-1.1.1.tgz",
      "integrity": "sha1-lriIb3w8NQi5Mta9cMTTqI818ak="
    },
    "fs.realpath": {
      "version": "1.0.0",
      "resolved": "https://registry.npmjs.org/fs.realpath/-/fs.realpath-1.0.0.tgz",
      "integrity": "sha1-FQStJSMVjKpA20onh8sBQRmU6k8="
    },
    "glob": {
      "version": "7.1.2",
      "resolved": "https://registry.npmjs.org/glob/-/glob-7.1.2.tgz",
      "integrity": "sha1-wZyd+aAocC1nhhI4SmVSQExjbRU=",
      "requires": {
        "fs.realpath": "1.0.0",
        "inflight": "1.0.6",
        "inherits": "https://registry.npmjs.org/inherits/-/inherits-2.0.3.tgz",
        "minimatch": "3.0.4",
        "once": "1.4.0",
        "path-is-absolute": "1.0.1"
      }
    },
    "graceful-fs": {
      "version": "4.1.11",
      "resolved": "https://registry.npmjs.org/graceful-fs/-/graceful-fs-4.1.11.tgz",
      "integrity": "sha1-Dovf5NHduIVNZOBOp8AOKgJuVlg="
    },
    "growl": {
      "version": "1.10.3",
      "resolved": "https://registry.npmjs.org/growl/-/growl-1.10.3.tgz",
      "integrity": "sha1-GSa6kM8+3+KttJJ/WIC8IsZseQ8="
    },
    "has-flag": {
      "version": "2.0.0",
      "resolved": "https://registry.npmjs.org/has-flag/-/has-flag-2.0.0.tgz",
      "integrity": "sha1-6CB68cx7MNRGzHC3NLXovhj4jVE="
    },
    "he": {
      "version": "1.1.1",
      "resolved": "https://registry.npmjs.org/he/-/he-1.1.1.tgz",
      "integrity": "sha1-k0EP0hsAlzUVH4howvJx80J+I/0="
    },
    "homedir": {
      "version": "0.6.0",
      "resolved": "https://registry.npmjs.org/homedir/-/homedir-0.6.0.tgz",
      "integrity": "sha1-KyHbZr8Ipts4JJo+/1LX0YcGrx4="
    },
    "imurmurhash": {
      "version": "0.1.4",
      "resolved": "https://registry.npmjs.org/imurmurhash/-/imurmurhash-0.1.4.tgz",
      "integrity": "sha1-khi5srkoojixPcT7a21XbyMUU+o="
    },
    "inflight": {
      "version": "1.0.6",
      "resolved": "https://registry.npmjs.org/inflight/-/inflight-1.0.6.tgz",
      "integrity": "sha1-Sb1jMdfQLQwJvJEKEHW6gWW1bfk=",
      "requires": {
        "once": "1.4.0",
        "wrappy": "1.0.2"
      }
    },
    "inherits": {
      "version": "https://registry.npmjs.org/inherits/-/inherits-2.0.3.tgz",
      "integrity": "sha1-Yzwsg+PaQqUC9SRmAiSA9CCCYd4="
    },
    "isarray": {
      "version": "https://registry.npmjs.org/isarray/-/isarray-1.0.0.tgz",
      "integrity": "sha1-u5NdSFgsuhaMBoNJV6VKPgcSTxE="
    },
    "lodash.padend": {
      "version": "https://registry.npmjs.org/lodash.padend/-/lodash.padend-4.6.1.tgz",
      "integrity": "sha1-U8y6BH0G4VjTEfRdpiX05J5vFm4="
    },
    "methods": {
      "version": "https://registry.npmjs.org/methods/-/methods-1.1.2.tgz",
      "integrity": "sha1-VSmk1nZUE07cxSZmVoNbD4Ua/O4="
    },
    "mime": {
      "version": "https://registry.npmjs.org/mime/-/mime-1.5.0.tgz",
      "integrity": "sha1-WcIOA64RYInt6307NKZ4jFs8zOo="
    },
    "mime-db": {
      "version": "https://registry.npmjs.org/mime-db/-/mime-db-1.30.0.tgz",
      "integrity": "sha1-dMZD2i3Z1qRTmZY0ZbJtXKfXHwE="
    },
    "mime-types": {
      "version": "https://registry.npmjs.org/mime-types/-/mime-types-2.1.17.tgz",
      "integrity": "sha1-Cdejk/A+mVp5+K+Fe3Cp4KsWVXo=",
      "requires": {
        "mime-db": "https://registry.npmjs.org/mime-db/-/mime-db-1.30.0.tgz"
      }
    },
    "minimatch": {
      "version": "3.0.4",
      "resolved": "https://registry.npmjs.org/minimatch/-/minimatch-3.0.4.tgz",
      "integrity": "sha1-UWbihkV/AzBgZL5Ul+jbsMPTIIM=",
      "requires": {
        "brace-expansion": "1.1.8"
      }
    },
    "minimist": {
      "version": "0.0.8",
      "resolved": "https://registry.npmjs.org/minimist/-/minimist-0.0.8.tgz",
      "integrity": "sha1-hX/Kv8M5fSYluCKCYuhqp6ARsF0="
    },
    "mkdirp": {
      "version": "0.5.1",
      "resolved": "https://registry.npmjs.org/mkdirp/-/mkdirp-0.5.1.tgz",
      "integrity": "sha1-MAV0OOrGz3+MR2fzhkjWaX11yQM=",
      "requires": {
        "minimist": "0.0.8"
      }
    },
    "mocha": {
      "version": "4.0.1",
      "resolved": "https://registry.npmjs.org/mocha/-/mocha-4.0.1.tgz",
      "integrity": "sha512-evDmhkoA+cBNiQQQdSKZa2b9+W2mpLoj50367lhy+Klnx9OV8XlCIhigUnn1gaTFLQCa0kdNhEGDr0hCXOQFDw==",
      "requires": {
        "browser-stdout": "1.3.0",
        "commander": "2.11.0",
        "debug": "https://registry.npmjs.org/debug/-/debug-3.1.0.tgz",
        "diff": "3.3.1",
        "escape-string-regexp": "1.0.5",
        "glob": "7.1.2",
        "growl": "1.10.3",
        "he": "1.1.1",
        "mkdirp": "0.5.1",
        "supports-color": "4.4.0"
      }
    },
    "ms": {
      "version": "https://registry.npmjs.org/ms/-/ms-2.0.0.tgz",
      "integrity": "sha1-VgiurfwAvmwpAd9fmGF4jeDVl8g="
    },
    "node-localstorage": {
      "version": "1.3.0",
      "resolved": "https://registry.npmjs.org/node-localstorage/-/node-localstorage-1.3.0.tgz",
      "integrity": "sha1-LkNqro3Mms6XtDxlwWwNV3vgpVw=",
      "requires": {
        "write-file-atomic": "1.3.4"
      }
    },
    "once": {
      "version": "1.4.0",
      "resolved": "https://registry.npmjs.org/once/-/once-1.4.0.tgz",
      "integrity": "sha1-WDsap3WWHUsROsF9nFC6753Xa9E=",
      "requires": {
        "wrappy": "1.0.2"
      }
    },
    "path-is-absolute": {
      "version": "1.0.1",
      "resolved": "https://registry.npmjs.org/path-is-absolute/-/path-is-absolute-1.0.1.tgz",
      "integrity": "sha1-F0uSaHNVNP+8es5r9TpanhtcX18="
    },
    "process-nextick-args": {
      "version": "https://registry.npmjs.org/process-nextick-args/-/process-nextick-args-1.0.7.tgz",
      "integrity": "sha1-FQ4gt1ZZCtP5EJPyWk8q2L/zC6M="
    },
    "qs": {
      "version": "https://registry.npmjs.org/qs/-/qs-6.5.1.tgz",
      "integrity": "sha1-NJzfbu+J7EXBLX1es/wMhwNDptg="
    },
    "readable-stream": {
      "version": "https://registry.npmjs.org/readable-stream/-/readable-stream-2.3.3.tgz",
      "integrity": "sha1-No8lEtefnUb9/HE0mueHi7weuVw=",
      "requires": {
        "core-util-is": "https://registry.npmjs.org/core-util-is/-/core-util-is-1.0.2.tgz",
        "inherits": "https://registry.npmjs.org/inherits/-/inherits-2.0.3.tgz",
        "isarray": "https://registry.npmjs.org/isarray/-/isarray-1.0.0.tgz",
        "process-nextick-args": "https://registry.npmjs.org/process-nextick-args/-/process-nextick-args-1.0.7.tgz",
        "safe-buffer": "https://registry.npmjs.org/safe-buffer/-/safe-buffer-5.1.1.tgz",
        "string_decoder": "https://registry.npmjs.org/string_decoder/-/string_decoder-1.0.3.tgz",
        "util-deprecate": "https://registry.npmjs.org/util-deprecate/-/util-deprecate-1.0.2.tgz"
      }
    },
    "reduce-flatten": {
      "version": "https://registry.npmjs.org/reduce-flatten/-/reduce-flatten-1.0.1.tgz",
      "integrity": "sha1-JYx479FT3fk8tWEjf2EYTzaW4yc="
    },
    "safe-buffer": {
      "version": "https://registry.npmjs.org/safe-buffer/-/safe-buffer-5.1.1.tgz",
      "integrity": "sha1-iTMSr2myEj3vcfV4iQAWce6yyFM="
    },
    "sax": {
      "version": "https://registry.npmjs.org/sax/-/sax-1.2.4.tgz",
      "integrity": "sha1-KBYjTiN4vdxOU1T6tcqold9xANk="
    },
    "should": {
      "version": "13.1.3",
      "resolved": "https://registry.npmjs.org/should/-/should-13.1.3.tgz",
      "integrity": "sha512-1m8FHuNTrJ37pXfjfhjmv1/jBw2eYZIWibQ1pH2EGYhn8TcPOSK6zjNbhF20sZ4Gc0XSIlSaSGupnYRKkk1pKQ==",
      "requires": {
        "should-equal": "2.0.0",
        "should-format": "3.0.3",
        "should-type": "1.4.0",
        "should-type-adaptors": "1.0.1",
        "should-util": "1.0.0"
      }
    },
    "should-equal": {
      "version": "2.0.0",
      "resolved": "https://registry.npmjs.org/should-equal/-/should-equal-2.0.0.tgz",
      "integrity": "sha1-YHLPgwRzYIZ+aOmLCdcRQ9BO4MM=",
      "requires": {
        "should-type": "1.4.0"
      }
    },
    "should-format": {
      "version": "3.0.3",
      "resolved": "https://registry.npmjs.org/should-format/-/should-format-3.0.3.tgz",
      "integrity": "sha1-m/yPdPo5IFxT04w01xcwPidxJPE=",
      "requires": {
        "should-type": "1.4.0",
        "should-type-adaptors": "1.0.1"
      }
    },
    "should-type": {
      "version": "1.4.0",
      "resolved": "https://registry.npmjs.org/should-type/-/should-type-1.4.0.tgz",
      "integrity": "sha1-B1bYzoRt/QmEOmlHcZ36DUz/XPM="
    },
    "should-type-adaptors": {
      "version": "1.0.1",
      "resolved": "https://registry.npmjs.org/should-type-adaptors/-/should-type-adaptors-1.0.1.tgz",
      "integrity": "sha1-7+VVPN9oz/ZuXF9RtxLcNRx3vqo=",
      "requires": {
        "should-type": "1.4.0",
        "should-util": "1.0.0"
      }
    },
    "should-util": {
      "version": "1.0.0",
      "resolved": "https://registry.npmjs.org/should-util/-/should-util-1.0.0.tgz",
      "integrity": "sha1-yYzaN0qmsZDfi6h8mInCtNtiAGM="
    },
    "slide": {
      "version": "1.1.6",
      "resolved": "https://registry.npmjs.org/slide/-/slide-1.1.6.tgz",
      "integrity": "sha1-VusCfWW00tzmyy4tMsTUr8nh1wc="
    },
    "string_decoder": {
      "version": "https://registry.npmjs.org/string_decoder/-/string_decoder-1.0.3.tgz",
      "integrity": "sha1-D8Z9fBQYJd6UKC3VNr7GubzoYKs=",
      "requires": {
        "safe-buffer": "https://registry.npmjs.org/safe-buffer/-/safe-buffer-5.1.1.tgz"
      }
    },
    "superagent": {
      "version": "https://registry.npmjs.org/superagent/-/superagent-3.8.1.tgz",
      "integrity": "sha1-JXH9kh8/zbpDrGjDs1yRlRUycB8=",
      "requires": {
        "component-emitter": "https://registry.npmjs.org/component-emitter/-/component-emitter-1.2.1.tgz",
        "cookiejar": "https://registry.npmjs.org/cookiejar/-/cookiejar-2.1.1.tgz",
        "debug": "https://registry.npmjs.org/debug/-/debug-3.1.0.tgz",
        "extend": "https://registry.npmjs.org/extend/-/extend-3.0.1.tgz",
        "form-data": "https://registry.npmjs.org/form-data/-/form-data-2.3.1.tgz",
        "formidable": "https://registry.npmjs.org/formidable/-/formidable-1.1.1.tgz",
        "methods": "https://registry.npmjs.org/methods/-/methods-1.1.2.tgz",
        "mime": "https://registry.npmjs.org/mime/-/mime-1.5.0.tgz",
        "qs": "https://registry.npmjs.org/qs/-/qs-6.5.1.tgz",
        "readable-stream": "https://registry.npmjs.org/readable-stream/-/readable-stream-2.3.3.tgz"
      }
    },
    "supports-color": {
      "version": "4.4.0",
      "resolved": "https://registry.npmjs.org/supports-color/-/supports-color-4.4.0.tgz",
      "integrity": "sha1-iD992rwWUUKyphQn8zUt7RldGj4=",
      "requires": {
        "has-flag": "2.0.0"
      }
    },
    "table-layout": {
      "version": "https://registry.npmjs.org/table-layout/-/table-layout-0.4.2.tgz",
      "integrity": "sha1-EOkEPBQqHi0VXaclfkePDvSYF4Y=",
      "requires": {
        "array-back": "https://registry.npmjs.org/array-back/-/array-back-2.0.0.tgz",
        "deep-extend": "https://registry.npmjs.org/deep-extend/-/deep-extend-0.5.0.tgz",
        "lodash.padend": "https://registry.npmjs.org/lodash.padend/-/lodash.padend-4.6.1.tgz",
        "typical": "https://registry.npmjs.org/typical/-/typical-2.6.1.tgz",
        "wordwrapjs": "https://registry.npmjs.org/wordwrapjs/-/wordwrapjs-3.0.0.tgz"
      }
    },
    "test-value": {
      "version": "https://registry.npmjs.org/test-value/-/test-value-2.1.0.tgz",
      "integrity": "sha1-Edpv9nDzRxpztiXKTz/c97t0gpE=",
      "requires": {
        "array-back": "https://registry.npmjs.org/array-back/-/array-back-1.0.4.tgz",
        "typical": "https://registry.npmjs.org/typical/-/typical-2.6.1.tgz"
      },
      "dependencies": {
        "array-back": {
          "version": "https://registry.npmjs.org/array-back/-/array-back-1.0.4.tgz",
          "integrity": "sha1-ZEun8JX3/898Q7Xw3DnTwfA8Bjs=",
          "requires": {
            "typical": "https://registry.npmjs.org/typical/-/typical-2.6.1.tgz"
          }
        }
      }
    },
    "typical": {
      "version": "https://registry.npmjs.org/typical/-/typical-2.6.1.tgz",
      "integrity": "sha1-XAgOXWYcu+OCWdLnCjxyU+hziB0="
    },
    "util-deprecate": {
      "version": "https://registry.npmjs.org/util-deprecate/-/util-deprecate-1.0.2.tgz",
      "integrity": "sha1-RQ1Nyfpw3nMnYvvS1KKJgUGaDM8="
    },
    "wordwrapjs": {
      "version": "https://registry.npmjs.org/wordwrapjs/-/wordwrapjs-3.0.0.tgz",
      "integrity": "sha1-yUw3KJTK3G/rGma/9k4dmvksXR4=",
      "requires": {
        "reduce-flatten": "https://registry.npmjs.org/reduce-flatten/-/reduce-flatten-1.0.1.tgz",
        "typical": "https://registry.npmjs.org/typical/-/typical-2.6.1.tgz"
      }
    },
    "wrappy": {
      "version": "1.0.2",
      "resolved": "https://registry.npmjs.org/wrappy/-/wrappy-1.0.2.tgz",
      "integrity": "sha1-tSQ9jz7BqjXxNkYFvA0QNuMKtp8="
    },
    "write-file-atomic": {
      "version": "1.3.4",
      "resolved": "https://registry.npmjs.org/write-file-atomic/-/write-file-atomic-1.3.4.tgz",
      "integrity": "sha1-+Aek8LHZ6ROuekgRLmzDrxmRtF8=",
      "requires": {
        "graceful-fs": "4.1.11",
        "imurmurhash": "0.1.4",
        "slide": "1.1.6"
      }
    },
    "xml2js": {
      "version": "https://registry.npmjs.org/xml2js/-/xml2js-0.4.19.tgz",
      "integrity": "sha1-aGwg8hMgnpSr8NG88e+qKRx4J6c=",
      "requires": {
        "sax": "https://registry.npmjs.org/sax/-/sax-1.2.4.tgz",
        "xmlbuilder": "https://registry.npmjs.org/xmlbuilder/-/xmlbuilder-9.0.4.tgz"
      }
    },
    "xmlbuilder": {
      "version": "https://registry.npmjs.org/xmlbuilder/-/xmlbuilder-9.0.4.tgz",
      "integrity": "sha1-UZy0ymhtAFqEINNJbz8MruzKWA8="
    }
  }
}
